
Microsoft Visual Studio Solution File, Format Version 12.00
# Visual Studio Version 16
VisualStudioVersion = 16.0.30523.141
MinimumVisualStudioVersion = 10.0.40219.1
Project("{FAE04EC0-301F-11D3-BF4B-00C04F79EFBC}") = "BlogProject", "BlogProject\BlogProject.csproj", "{7D124CD1-35F3-4051-ADA2-F0B1E22148F1}"
EndProject
Global
	GlobalSection(SolutionConfigurationPlatforms) = preSolution
		Debug|Any CPU = Debug|Any CPU
		Release|Any CPU = Release|Any CPU
	EndGlobalSection
	GlobalSection(ProjectConfigurationPlatforms) = postSolution
		{7D124CD1-35F3-4051-ADA2-F0B1E22148F1}.Debug|Any CPU.ActiveCfg = Debug|Any CPU
		{7D124CD1-35F3-4051-ADA2-F0B1E22148F1}.Debug|Any CPU.Build.0 = Debug|Any CPU
		{7D124CD1-35F3-4051-ADA2-F0B1E22148F1}.Release|Any CPU.ActiveCfg = Release|Any CPU
		{7D124CD1-35F3-4051-ADA2-F0B1E22148F1}.Release|Any CPU.Build.0 = Release|Any CPU
	EndGlobalSection
	GlobalSection(SolutionProperties) = preSolution
		HideSolutionNode = FALSE
	EndGlobalSection
	GlobalSection(ExtensibilityGlobals) = postSolution
		SolutionGuid = {EDE5987A-C1E1-4903-8671-E63AA160FA61}
	EndGlobalSection
EndGlobal
